{
    "name": "wfc-example",
    "version": "1.0.0",
    "lockfileVersion": 3,
    "requires": true,
    "packages": {
        "": {
            "name": "wfc-example",
            "version": "1.0.0",
            "dependencies": {
                "three": "^0.150.1",
                "wavefunctioncollapse": "2.0.0"
            }
        },
        "node_modules/three": {
            "version": "0.150.1",
            "resolved": "https://registry.npmjs.org/three/-/three-0.150.1.tgz",
            "integrity": "sha512-5C1MqKUWaHYo13BX0Q64qcdwImgnnjSOFgBscOzAo8MYCzEtqfQqorEKMcajnA3FHy1yVlIe9AmaMQ0OQracNA=="
        },
        "node_modules/wavefunctioncollapse": {
            "version": "2.0.0",
            "resolved": "https://registry.npmjs.org/wavefunctioncollapse/-/wavefunctioncollapse-2.0.0.tgz",
            "integrity": "sha512-7AOgKXiaN76wIGiHsVWpyr33gGCmsBigIPUwdzBCSM/8ppiUHRQv3ZtRdpjwJ7ppX+gQAn1rxpI6OcqYg9iwYA=="
        }
    }
}
